lockfileVersion: '9.0'

settings:
  autoInstallPeers: true
  excludeLinksFromLockfile: false

importers:

  .:
    dependencies:
      ts-graphviz:
        specifier: ^2.1.6
        version: 2.1.6

packages:

  '@ts-graphviz/adapter@2.0.6':
    resolution: {integrity: sha512-kJ10lIMSWMJkLkkCG5gt927SnGZcBuG0s0HHswGzcHTgvtUe7yk5/3zTEr0bafzsodsOq5Gi6FhQeV775nC35Q==}
    engines: {node: '>=18'}

  '@ts-graphviz/ast@2.0.7':
    resolution: {integrity: sha512-e6+2qtNV99UT6DJSoLbHfkzfyqY84aIuoV8Xlb9+hZAjgpum8iVHprGeAMQ4rF6sKUAxrmY8rfF/vgAwoPc3gw==}
    engines: {node: '>=18'}

  '@ts-graphviz/common@2.1.5':
    resolution: {integrity: sha512-S6/9+T6x8j6cr/gNhp+U2olwo1n0jKj/682QVqsh7yXWV6ednHYqxFw0ZsY3LyzT0N8jaZ6jQY9YD99le3cmvg==}
    engines: {node: '>=18'}

  '@ts-graphviz/core@2.0.7':
    resolution: {integrity: sha512-w071DSzP94YfN6XiWhOxnLpYT3uqtxJBDYdh6Jdjzt+Ce6DNspJsPQgpC7rbts/B8tEkq0LHoYuIF/O5Jh5rPg==}
    engines: {node: '>=18'}

  ts-graphviz@2.1.6:
    resolution: {integrity: sha512-XyLVuhBVvdJTJr2FJJV2L1pc4MwSjMhcunRVgDE9k4wbb2ee7ORYnPewxMWUav12vxyfUM686MSGsqnVRIInuw==}
    engines: {node: '>=18'}

snapshots:

  '@ts-graphviz/adapter@2.0.6':
    dependencies:
      '@ts-graphviz/common': 2.1.5

  '@ts-graphviz/ast@2.0.7':
    dependencies:
      '@ts-graphviz/common': 2.1.5

  '@ts-graphviz/common@2.1.5': {}

  '@ts-graphviz/core@2.0.7':
    dependencies:
      '@ts-graphviz/ast': 2.0.7
      '@ts-graphviz/common': 2.1.5

  ts-graphviz@2.1.6:
    dependencies:
      '@ts-graphviz/adapter': 2.0.6
      '@ts-graphviz/ast': 2.0.7
      '@ts-graphviz/common': 2.1.5
      '@ts-graphviz/core': 2.0.7
